
Microsoft Visual Studio Solution File, Format Version 12.00
# Visual Studio Version 17
VisualStudioVersion = 17.2.32616.157
MinimumVisualStudioVersion = 10.0.40219.1
Project("{FAE04EC0-301F-11D3-BF4B-00C04F79EFBC}") = "TodoApp", "TodoApp\TodoApp.csproj", "{648CFB5A-4D01-4CE6-9D1A-FF28E36166B8}"
EndProject
Global
	GlobalSection(SolutionConfigurationPlatforms) = preSolution
		Debug|Any CPU = Debug|Any CPU
		Release|Any CPU = Release|Any CPU
	EndGlobalSection
	GlobalSection(ProjectConfigurationPlatforms) = postSolution
		{648CFB5A-4D01-4CE6-9D1A-FF28E36166B8}.Debug|Any CPU.ActiveCfg = Debug|Any CPU
		{648CFB5A-4D01-4CE6-9D1A-FF28E36166B8}.Debug|Any CPU.Build.0 = Debug|Any CPU
		{648CFB5A-4D01-4CE6-9D1A-FF28E36166B8}.Release|Any CPU.ActiveCfg = Release|Any CPU
		{648CFB5A-4D01-4CE6-9D1A-FF28E36166B8}.Release|Any CPU.Build.0 = Release|Any CPU
	EndGlobalSection
	GlobalSection(SolutionProperties) = preSolution
		HideSolutionNode = FALSE
	EndGlobalSection
	GlobalSection(ExtensibilityGlobals) = postSolution
		SolutionGuid = {0507C03F-2262-445E-B81E-93BD4692BDFB}
	EndGlobalSection
EndGlobal
